
Microsoft Visual Studio Solution File, Format Version 12.00
# Visual Studio Version 17
VisualStudioVersion = 17.9.34728.123
MinimumVisualStudioVersion = 10.0.40219.1
Project("{8BC9CEB8-8B4A-11D0-8D11-00A0C91BC942}") = "Thread_progressbar", "Thread_progressbar.vcxproj", "{06CE14A3-5BB9-407A-B27B-8192565225BB}"
EndProject
Global
	GlobalSection(SolutionConfigurationPlatforms) = preSolution
		Debug|ARM = Debug|ARM
		Debug|ARM64 = Debug|ARM64
		Debug|x64 = Debug|x64
		Debug|x86 = Debug|x86
		Release|ARM = Release|ARM
		Release|ARM64 = Release|ARM64
		Release|x64 = Release|x64
		Release|x86 = Release|x86
	EndGlobalSection
	GlobalSection(ProjectConfigurationPlatforms) = postSolution
		{06CE14A3-5BB9-407A-B27B-8192565225BB}.Debug|ARM.ActiveCfg = Debug|ARM
		{06CE14A3-5BB9-407A-B27B-8192565225BB}.Debug|ARM.Build.0 = Debug|ARM
		{06CE14A3-5BB9-407A-B27B-8192565225BB}.Debug|ARM.Deploy.0 = Debug|ARM
		{06CE14A3-5BB9-407A-B27B-8192565225BB}.Debug|ARM64.ActiveCfg = Debug|ARM64
		{06CE14A3-5BB9-407A-B27B-8192565225BB}.Debug|ARM64.Build.0 = Debug|ARM64
		{06CE14A3-5BB9-407A-B27B-8192565225BB}.Debug|ARM64.Deploy.0 = Debug|ARM64
		{06CE14A3-5BB9-407A-B27B-8192565225BB}.Debug|x64.ActiveCfg = Debug|x64
		{06CE14A3-5BB9-407A-B27B-8192565225BB}.Debug|x64.Build.0 = Debug|x64
		{06CE14A3-5BB9-407A-B27B-8192565225BB}.Debug|x64.Deploy.0 = Debug|x64
		{06CE14A3-5BB9-407A-B27B-8192565225BB}.Debug|x86.ActiveCfg = Debug|Win32
		{06CE14A3-5BB9-407A-B27B-8192565225BB}.Debug|x86.Build.0 = Debug|Win32
		{06CE14A3-5BB9-407A-B27B-8192565225BB}.Debug|x86.Deploy.0 = Debug|Win32
		{06CE14A3-5BB9-407A-B27B-8192565225BB}.Release|ARM.ActiveCfg = Release|ARM
		{06CE14A3-5BB9-407A-B27B-8192565225BB}.Release|ARM.Build.0 = Release|ARM
		{06CE14A3-5BB9-407A-B27B-8192565225BB}.Release|ARM.Deploy.0 = Release|ARM
		{06CE14A3-5BB9-407A-B27B-8192565225BB}.Release|ARM64.ActiveCfg = Release|ARM64
		{06CE14A3-5BB9-407A-B27B-8192565225BB}.Release|ARM64.Build.0 = Release|ARM64
		{06CE14A3-5BB9-407A-B27B-8192565225BB}.Release|ARM64.Deploy.0 = Release|ARM64
		{06CE14A3-5BB9-407A-B27B-8192565225BB}.Release|x64.ActiveCfg = Release|x64
		{06CE14A3-5BB9-407A-B27B-8192565225BB}.Release|x64.Build.0 = Release|x64
		{06CE14A3-5BB9-407A-B27B-8192565225BB}.Release|x64.Deploy.0 = Release|x64
		{06CE14A3-5BB9-407A-B27B-8192565225BB}.Release|x86.ActiveCfg = Release|Win32
		{06CE14A3-5BB9-407A-B27B-8192565225BB}.Release|x86.Build.0 = Release|Win32
		{06CE14A3-5BB9-407A-B27B-8192565225BB}.Release|x86.Deploy.0 = Release|Win32
	EndGlobalSection
	GlobalSection(SolutionProperties) = preSolution
		HideSolutionNode = FALSE
	EndGlobalSection
	GlobalSection(ExtensibilityGlobals) = postSolution
		SolutionGuid = {472EC660-A8F5-40B8-A559-1FD269F62F9A}
	EndGlobalSection
EndGlobal
