
Microsoft Visual Studio Solution File, Format Version 12.00
# Visual Studio Version 17
VisualStudioVersion = 17.8.34511.84
MinimumVisualStudioVersion = 10.0.40219.1
Project("{8BC9CEB8-8B4A-11D0-8D11-00A0C91BC942}") = "Greet", "Greet.vcxproj", "{649647CA-20D0-4CC8-A173-037176309BE4}"
EndProject
Project("{8BC9CEB8-8B4A-11D0-8D11-00A0C91BC942}") = "static_lib", "..\static_lib\static_lib.vcxproj", "{CA49ABA4-3FAC-4EB3-8F48-86C4CC034B5D}"
EndProject
Global
	GlobalSection(SolutionConfigurationPlatforms) = preSolution
		Debug|x64 = Debug|x64
		Debug|x86 = Debug|x86
		Release|x64 = Release|x64
		Release|x86 = Release|x86
	EndGlobalSection
	GlobalSection(ProjectConfigurationPlatforms) = postSolution
		{649647CA-20D0-4CC8-A173-037176309BE4}.Debug|x64.ActiveCfg = Debug|x64
		{649647CA-20D0-4CC8-A173-037176309BE4}.Debug|x64.Build.0 = Debug|x64
		{649647CA-20D0-4CC8-A173-037176309BE4}.Debug|x86.ActiveCfg = Debug|Win32
		{649647CA-20D0-4CC8-A173-037176309BE4}.Debug|x86.Build.0 = Debug|Win32
		{649647CA-20D0-4CC8-A173-037176309BE4}.Release|x64.ActiveCfg = Release|x64
		{649647CA-20D0-4CC8-A173-037176309BE4}.Release|x64.Build.0 = Release|x64
		{649647CA-20D0-4CC8-A173-037176309BE4}.Release|x86.ActiveCfg = Release|Win32
		{649647CA-20D0-4CC8-A173-037176309BE4}.Release|x86.Build.0 = Release|Win32
		{CA49ABA4-3FAC-4EB3-8F48-86C4CC034B5D}.Debug|x64.ActiveCfg = Debug|x64
		{CA49ABA4-3FAC-4EB3-8F48-86C4CC034B5D}.Debug|x64.Build.0 = Debug|x64
		{CA49ABA4-3FAC-4EB3-8F48-86C4CC034B5D}.Debug|x86.ActiveCfg = Debug|Win32
		{CA49ABA4-3FAC-4EB3-8F48-86C4CC034B5D}.Debug|x86.Build.0 = Debug|Win32
		{CA49ABA4-3FAC-4EB3-8F48-86C4CC034B5D}.Release|x64.ActiveCfg = Release|x64
		{CA49ABA4-3FAC-4EB3-8F48-86C4CC034B5D}.Release|x64.Build.0 = Release|x64
		{CA49ABA4-3FAC-4EB3-8F48-86C4CC034B5D}.Release|x86.ActiveCfg = Release|Win32
		{CA49ABA4-3FAC-4EB3-8F48-86C4CC034B5D}.Release|x86.Build.0 = Release|Win32
	EndGlobalSection
	GlobalSection(SolutionProperties) = preSolution
		HideSolutionNode = FALSE
	EndGlobalSection
	GlobalSection(ExtensibilityGlobals) = postSolution
		SolutionGuid = {28728E9B-E369-424C-BC76-C802C4BD169F}
	EndGlobalSection
EndGlobal
