
Microsoft Visual Studio Solution File, Format Version 12.00
# Visual Studio Version 17
VisualStudioVersion = 17.3.32901.215
MinimumVisualStudioVersion = 10.0.40219.1
Project("{8BC9CEB8-8B4A-11D0-8D11-00A0C91BC942}") = "ALL_BUILD", "ALL_BUILD.vcxproj", "{61840596-A89C-3F30-939C-FC44894EE09A}"
	ProjectSection(ProjectDependencies) = postProject
		{ADE00A5F-E3C6-38B4-9A35-08CC0B256F75} = {ADE00A5F-E3C6-38B4-9A35-08CC0B256F75}
		{56A28080-EAA7-388B-A98D-702EFE9307AC} = {56A28080-EAA7-388B-A98D-702EFE9307AC}
	EndProjectSection
EndProject
Project("{8BC9CEB8-8B4A-11D0-8D11-00A0C91BC942}") = "ZERO_CHECK", "ZERO_CHECK.vcxproj", "{ADE00A5F-E3C6-38B4-9A35-08CC0B256F75}"
EndProject
Project("{8BC9CEB8-8B4A-11D0-8D11-00A0C91BC942}") = "myfirstcmake", "myfirstcmake.vcxproj", "{56A28080-EAA7-388B-A98D-702EFE9307AC}"
	ProjectSection(ProjectDependencies) = postProject
		{ADE00A5F-E3C6-38B4-9A35-08CC0B256F75} = {ADE00A5F-E3C6-38B4-9A35-08CC0B256F75}
	EndProjectSection
EndProject
Global
	GlobalSection(SolutionConfigurationPlatforms) = preSolution
		Debug|x64 = Debug|x64
		MinSizeRel|x64 = MinSizeRel|x64
		Release|x64 = Release|x64
		RelWithDebInfo|x64 = RelWithDebInfo|x64
	EndGlobalSection
	GlobalSection(ProjectConfigurationPlatforms) = postSolution
		{61840596-A89C-3F30-939C-FC44894EE09A}.Debug|x64.ActiveCfg = Debug|x64
		{61840596-A89C-3F30-939C-FC44894EE09A}.Debug|x64.Build.0 = Debug|x64
		{61840596-A89C-3F30-939C-FC44894EE09A}.MinSizeRel|x64.ActiveCfg = MinSizeRel|x64
		{61840596-A89C-3F30-939C-FC44894EE09A}.Release|x64.ActiveCfg = Release|x64
		{61840596-A89C-3F30-939C-FC44894EE09A}.RelWithDebInfo|x64.ActiveCfg = RelWithDebInfo|x64
		{ADE00A5F-E3C6-38B4-9A35-08CC0B256F75}.Debug|x64.ActiveCfg = Debug|x64
		{ADE00A5F-E3C6-38B4-9A35-08CC0B256F75}.Debug|x64.Build.0 = Debug|x64
		{ADE00A5F-E3C6-38B4-9A35-08CC0B256F75}.MinSizeRel|x64.ActiveCfg = MinSizeRel|x64
		{ADE00A5F-E3C6-38B4-9A35-08CC0B256F75}.MinSizeRel|x64.Build.0 = MinSizeRel|x64
		{ADE00A5F-E3C6-38B4-9A35-08CC0B256F75}.Release|x64.ActiveCfg = Release|x64
		{ADE00A5F-E3C6-38B4-9A35-08CC0B256F75}.Release|x64.Build.0 = Release|x64
		{ADE00A5F-E3C6-38B4-9A35-08CC0B256F75}.RelWithDebInfo|x64.ActiveCfg = RelWithDebInfo|x64
		{ADE00A5F-E3C6-38B4-9A35-08CC0B256F75}.RelWithDebInfo|x64.Build.0 = RelWithDebInfo|x64
		{56A28080-EAA7-388B-A98D-702EFE9307AC}.Debug|x64.ActiveCfg = Debug|x64
		{56A28080-EAA7-388B-A98D-702EFE9307AC}.Debug|x64.Build.0 = Debug|x64
		{56A28080-EAA7-388B-A98D-702EFE9307AC}.MinSizeRel|x64.ActiveCfg = MinSizeRel|x64
		{56A28080-EAA7-388B-A98D-702EFE9307AC}.MinSizeRel|x64.Build.0 = MinSizeRel|x64
		{56A28080-EAA7-388B-A98D-702EFE9307AC}.Release|x64.ActiveCfg = Release|x64
		{56A28080-EAA7-388B-A98D-702EFE9307AC}.Release|x64.Build.0 = Release|x64
		{56A28080-EAA7-388B-A98D-702EFE9307AC}.RelWithDebInfo|x64.ActiveCfg = RelWithDebInfo|x64
		{56A28080-EAA7-388B-A98D-702EFE9307AC}.RelWithDebInfo|x64.Build.0 = RelWithDebInfo|x64
	EndGlobalSection
	GlobalSection(SolutionProperties) = preSolution
		HideSolutionNode = FALSE
	EndGlobalSection
	GlobalSection(ExtensibilityGlobals) = postSolution
		SolutionGuid = {D7D1FF0E-7656-3D82-9746-BA32545CEB8F}
	EndGlobalSection
EndGlobal
